Microsoft Visual Studio Solution File, Format Version 11.00
# Visual Studio 2008

Project("{268299D6-8E4C-FD82-1CB9-A06800464A2A}") = "Snake UNITY", "Assembly-CSharp-firstpass.csproj", "{403491C4-C597-5879-707F-99AB85F06216}"
EndProject
Project("{268299D6-8E4C-FD82-1CB9-A06800464A2A}") = "Snake UNITY", "Assembly-CSharp-Editor.csproj", "{CD0313C8-B22A-BCE6-4246-F73F1421752E}"
EndProject
Global
	GlobalSection(SolutionConfigurationPlatforms) = preSolution
		Debug|Any CPU = Debug|Any CPU
		Release|Any CPU = Release|Any CPU
	EndGlobalSection
	GlobalSection(ProjectConfigurationPlatforms) = postSolution
		{403491C4-C597-5879-707F-99AB85F06216}.Debug|Any CPU.ActiveCfg = Debug|Any CPU
		{403491C4-C597-5879-707F-99AB85F06216}.Debug|Any CPU.Build.0 = Debug|Any CPU
		{403491C4-C597-5879-707F-99AB85F06216}.Release|Any CPU.ActiveCfg = Release|Any CPU
		{403491C4-C597-5879-707F-99AB85F06216}.Release|Any CPU.Build.0 = Release|Any CPU
		{CD0313C8-B22A-BCE6-4246-F73F1421752E}.Debug|Any CPU.ActiveCfg = Debug|Any CPU
		{CD0313C8-B22A-BCE6-4246-F73F1421752E}.Debug|Any CPU.Build.0 = Debug|Any CPU
		{CD0313C8-B22A-BCE6-4246-F73F1421752E}.Release|Any CPU.ActiveCfg = Release|Any CPU
		{CD0313C8-B22A-BCE6-4246-F73F1421752E}.Release|Any CPU.Build.0 = Release|Any CPU
	EndGlobalSection
	GlobalSection(SolutionProperties) = preSolution
		HideSolutionNode = FALSE
	EndGlobalSection
	GlobalSection(MonoDevelopProperties) = preSolution
		StartupItem = Assembly-CSharp.csproj
	EndGlobalSection
EndGlobal
